
Microsoft Visual Studio Solution File, Format Version 12.00
# Visual Studio Version 17
VisualStudioVersion = 17.10.35027.167
MinimumVisualStudioVersion = 10.0.40219.1
Project("{9A19103F-16F7-4668-BE54-9A1E7A4F7556}") = "StudentsManagement", "StudentsManagement\StudentsManagement.csproj", "{75E29B20-9BC0-41D2-941E-D174D5AF24CF}"
EndProject
Project("{9A19103F-16F7-4668-BE54-9A1E7A4F7556}") = "StudentsManagement.Client", "StudentsManagement.Client\StudentsManagement.Client.csproj", "{A9585FF3-E28E-4066-A760-48B1E9108348}"
EndProject
Project("{FAE04EC0-301F-11D3-BF4B-00C04F79EFBC}") = "StudentsManagement.Shared", "StudentsManagement.Shared\StudentsManagement.Shared.csproj", "{9639671F-447B-41DA-85B9-8B219B941780}"
EndProject
Global
	GlobalSection(SolutionConfigurationPlatforms) = preSolution
		Debug|Any CPU = Debug|Any CPU
		Release|Any CPU = Release|Any CPU
	EndGlobalSection
	GlobalSection(ProjectConfigurationPlatforms) = postSolution
		{75E29B20-9BC0-41D2-941E-D174D5AF24CF}.Debug|Any CPU.ActiveCfg = Debug|Any CPU
		{75E29B20-9BC0-41D2-941E-D174D5AF24CF}.Debug|Any CPU.Build.0 = Debug|Any CPU
		{75E29B20-9BC0-41D2-941E-D174D5AF24CF}.Release|Any CPU.ActiveCfg = Release|Any CPU
		{75E29B20-9BC0-41D2-941E-D174D5AF24CF}.Release|Any CPU.Build.0 = Release|Any CPU
		{A9585FF3-E28E-4066-A760-48B1E9108348}.Debug|Any CPU.ActiveCfg = Debug|Any CPU
		{A9585FF3-E28E-4066-A760-48B1E9108348}.Debug|Any CPU.Build.0 = Debug|Any CPU
		{A9585FF3-E28E-4066-A760-48B1E9108348}.Release|Any CPU.ActiveCfg = Release|Any CPU
		{A9585FF3-E28E-4066-A760-48B1E9108348}.Release|Any CPU.Build.0 = Release|Any CPU
		{9639671F-447B-41DA-85B9-8B219B941780}.Debug|Any CPU.ActiveCfg = Debug|Any CPU
		{9639671F-447B-41DA-85B9-8B219B941780}.Debug|Any CPU.Build.0 = Debug|Any CPU
		{9639671F-447B-41DA-85B9-8B219B941780}.Release|Any CPU.ActiveCfg = Release|Any CPU
		{9639671F-447B-41DA-85B9-8B219B941780}.Release|Any CPU.Build.0 = Release|Any CPU
	EndGlobalSection
	GlobalSection(SolutionProperties) = preSolution
		HideSolutionNode = FALSE
	EndGlobalSection
	GlobalSection(ExtensibilityGlobals) = postSolution
		SolutionGuid = {F8661F36-D432-4592-B05D-B598F3CB38F4}
	EndGlobalSection
EndGlobal
